// !$*UTF8*$!
{
	archiveVersion = 1;
	classes = {
	};
	objectVersion = 56;
	objects = {

/* Begin PBXBuildFile section */
		EB02E6B02BF3C80600175274 /* SpotifyCategoryCell.swift in Sources */ = {isa = PBXBuildFile; fileRef = EB02E6AF2BF3C80600175274 /* SpotifyCategoryCell.swift */; };
		EB02E6B32BF3CA0A00175274 /* Category.swift in Sources */ = {isa = PBXBuildFile; fileRef = EB02E6B22BF3CA0A00175274 /* Category.swift */; };
		EB151B1E2BFB811500CFEFE3 /* BumbleCardView.swift in Sources */ = {isa = PBXBuildFile; fileRef = EB151B1D2BFB811500CFEFE3 /* BumbleCardView.swift */; };
		EB151B202BFB8DD100CFEFE3 /* BumbleHeartView.swift in Sources */ = {isa = PBXBuildFile; fileRef = EB151B1F2BFB8DD100CFEFE3 /* BumbleHeartView.swift */; };
		EB577E352BF407900012366C /* SpotifyRecentsCell.swift in Sources */ = {isa = PBXBuildFile; fileRef = EB577E342BF407900012366C /* SpotifyRecentsCell.swift */; };
		EB63C0EA2BF9EEE300D34B00 /* BumbleHomeView.swift in Sources */ = {isa = PBXBuildFile; fileRef = EB63C0E92BF9EEE300D34B00 /* BumbleHomeView.swift */; };
		EB63C0EC2BF9F2DD00D34B00 /* BumbleFilterView.swift in Sources */ = {isa = PBXBuildFile; fileRef = EB63C0EB2BF9F2DD00D34B00 /* BumbleFilterView.swift */; };
		EB63C0EE2BFA2BD600D34B00 /* Filter.swift in Sources */ = {isa = PBXBuildFile; fileRef = EB63C0ED2BFA2BD600D34B00 /* Filter.swift */; };
		EB8B79D52BF764A900358D55 /* PlaylistDescriptionCell.swift in Sources */ = {isa = PBXBuildFile; fileRef = EB8B79D42BF764A900358D55 /* PlaylistDescriptionCell.swift */; };
		EB8B79D82BF76C3B00358D55 /* CustomizableAction.swift in Sources */ = {isa = PBXBuildFile; fileRef = EB8B79D72BF76C3B00358D55 /* CustomizableAction.swift */; };
		EB8B79DA2BF7888F00358D55 /* SongRowCell.swift in Sources */ = {isa = PBXBuildFile; fileRef = EB8B79D92BF7888F00358D55 /* SongRowCell.swift */; };
		EB8ED5752BFCE4BF00D97690 /* BumbleProfileImageCell.swift in Sources */ = {isa = PBXBuildFile; fileRef = EB8ED5742BFCE4BF00D97690 /* BumbleProfileImageCell.swift */; };
		EB8ED5772BFCEB2B00D97690 /* BumbleChatPreviewCell.swift in Sources */ = {isa = PBXBuildFile; fileRef = EB8ED5762BFCEB2B00D97690 /* BumbleChatPreviewCell.swift */; };
		EB90E9C82BF4C891009CD199 /* SpotifyNewReleaseCell.swift in Sources */ = {isa = PBXBuildFile; fileRef = EB90E9C72BF4C891009CD199 /* SpotifyNewReleaseCell.swift */; };
		EB90E9CA2BF4D8B3009CD199 /* ImageTitleRowCell.swift in Sources */ = {isa = PBXBuildFile; fileRef = EB90E9C92BF4D8B3009CD199 /* ImageTitleRowCell.swift */; };
		EB96B9332BF6AB5C00AE4D17 /* SpotifyPlaylistView.swift in Sources */ = {isa = PBXBuildFile; fileRef = EB96B9322BF6AB5C00AE4D17 /* SpotifyPlaylistView.swift */; };
		EB96B9352BF6ABDA00AE4D17 /* PlaylistHeaderCell.swift in Sources */ = {isa = PBXBuildFile; fileRef = EB96B9342BF6ABD900AE4D17 /* PlaylistHeaderCell.swift */; };
		EBB9F6DA2BF3622000B82C27 /* SDWebImageSwiftUI in Frameworks */ = {isa = PBXBuildFile; productRef = EBB9F6D92BF3622000B82C27 /* SDWebImageSwiftUI */; };
		EBB9F6DD2BF3625B00B82C27 /* ImageLoaderView.swift in Sources */ = {isa = PBXBuildFile; fileRef = EBB9F6DC2BF3625B00B82C27 /* ImageLoaderView.swift */; };
		EBB9F6DF2BF362F800B82C27 /* Constants.swift in Sources */ = {isa = PBXBuildFile; fileRef = EBB9F6DE2BF362F800B82C27 /* Constants.swift */; };
		EBB9F6E12BF36BD600B82C27 /* DatabaseHelper.swift in Sources */ = {isa = PBXBuildFile; fileRef = EBB9F6E02BF36BD600B82C27 /* DatabaseHelper.swift */; };
		EBB9F6E32BF378B200B82C27 /* Product.swift in Sources */ = {isa = PBXBuildFile; fileRef = EBB9F6E22BF378B200B82C27 /* Product.swift */; };
		EBB9F6E52BF378C600B82C27 /* User.swift in Sources */ = {isa = PBXBuildFile; fileRef = EBB9F6E42BF378C600B82C27 /* User.swift */; };
		EBB9F6E82BF380A100B82C27 /* SwiftfulUI in Frameworks */ = {isa = PBXBuildFile; productRef = EBB9F6E72BF380A100B82C27 /* SwiftfulUI */; };
		EBB9F6EB2BF380AA00B82C27 /* SwiftfulRouting in Frameworks */ = {isa = PBXBuildFile; productRef = EBB9F6EA2BF380AA00B82C27 /* SwiftfulRouting */; };
		EBB9F6F02BF394E300B82C27 /* SpotifyHomeView.swift in Sources */ = {isa = PBXBuildFile; fileRef = EBB9F6EF2BF394E300B82C27 /* SpotifyHomeView.swift */; };
		EBC2F0692BFD445000A25B7F /* BumbleChatsView.swift in Sources */ = {isa = PBXBuildFile; fileRef = EBC2F0682BFD445000A25B7F /* BumbleChatsView.swift */; };
		EBDE18352BFBAA2E000548D5 /* InterestPillView.swift in Sources */ = {isa = PBXBuildFile; fileRef = EBDE18342BFBAA2E000548D5 /* InterestPillView.swift */; };
		EBDE18372BFBACE1000548D5 /* InterestPillGridView.swift in Sources */ = {isa = PBXBuildFile; fileRef = EBDE18362BFBACE1000548D5 /* InterestPillGridView.swift */; };
		EBF8D85C2BF23D380055D32D /* SwiftUIinPracticeApp.swift in Sources */ = {isa = PBXBuildFile; fileRef = EBF8D85B2BF23D380055D32D /* SwiftUIinPracticeApp.swift */; };
		EBF8D85E2BF23D380055D32D /* ContentView.swift in Sources */ = {isa = PBXBuildFile; fileRef = EBF8D85D2BF23D380055D32D /* ContentView.swift */; };
		EBF8D8602BF23D390055D32D /* Assets.xcassets in Resources */ = {isa = PBXBuildFile; fileRef = EBF8D85F2BF23D390055D32D /* Assets.xcassets */; };
		EBF8D8632BF23D390055D32D /* Preview Assets.xcassets in Resources */ = {isa = PBXBuildFile; fileRef = EBF8D8622BF23D390055D32D /* Preview Assets.xcassets */; };
/* End PBXBuildFile section */

/* Begin PBXFileReference section */
		EB02E6AF2BF3C80600175274 /* SpotifyCategoryCell.swift */ = {isa = PBXFileReference; lastKnownFileType = sourcecode.swift; path = SpotifyCategoryCell.swift; sourceTree = "<group>"; };
		EB02E6B22BF3CA0A00175274 /* Category.swift */ = {isa = PBXFileReference; lastKnownFileType = sourcecode.swift; path = Category.swift; sourceTree = "<group>"; };
		EB151B1D2BFB811500CFEFE3 /* BumbleCardView.swift */ = {isa = PBXFileReference; lastKnownFileType = sourcecode.swift; path = BumbleCardView.swift; sourceTree = "<group>"; };
		EB151B1F2BFB8DD100CFEFE3 /* BumbleHeartView.swift */ = {isa = PBXFileReference; lastKnownFileType = sourcecode.swift; path = BumbleHeartView.swift; sourceTree = "<group>"; };
		EB577E342BF407900012366C /* SpotifyRecentsCell.swift */ = {isa = PBXFileReference; lastKnownFileType = sourcecode.swift; path = SpotifyRecentsCell.swift; sourceTree = "<group>"; };
		EB63C0E92BF9EEE300D34B00 /* BumbleHomeView.swift */ = {isa = PBXFileReference; lastKnownFileType = sourcecode.swift; path = BumbleHomeView.swift; sourceTree = "<group>"; };
		EB63C0EB2BF9F2DD00D34B00 /* BumbleFilterView.swift */ = {isa = PBXFileReference; lastKnownFileType = sourcecode.swift; path = BumbleFilterView.swift; sourceTree = "<group>"; };
		EB63C0ED2BFA2BD600D34B00 /* Filter.swift */ = {isa = PBXFileReference; lastKnownFileType = sourcecode.swift; path = Filter.swift; sourceTree = "<group>"; };
		EB8B79D42BF764A900358D55 /* PlaylistDescriptionCell.swift */ = {isa = PBXFileReference; lastKnownFileType = sourcecode.swift; path = PlaylistDescriptionCell.swift; sourceTree = "<group>"; };
		EB8B79D72BF76C3B00358D55 /* CustomizableAction.swift */ = {isa = PBXFileReference; lastKnownFileType = sourcecode.swift; path = CustomizableAction.swift; sourceTree = "<group>"; };
		EB8B79D92BF7888F00358D55 /* SongRowCell.swift */ = {isa = PBXFileReference; lastKnownFileType = sourcecode.swift; path = SongRowCell.swift; sourceTree = "<group>"; };
		EB8ED5742BFCE4BF00D97690 /* BumbleProfileImageCell.swift */ = {isa = PBXFileReference; lastKnownFileType = sourcecode.swift; path = BumbleProfileImageCell.swift; sourceTree = "<group>"; };
		EB8ED5762BFCEB2B00D97690 /* BumbleChatPreviewCell.swift */ = {isa = PBXFileReference; lastKnownFileType = sourcecode.swift; path = BumbleChatPreviewCell.swift; sourceTree = "<group>"; };
		EB90E9C72BF4C891009CD199 /* SpotifyNewReleaseCell.swift */ = {isa = PBXFileReference; lastKnownFileType = sourcecode.swift; path = SpotifyNewReleaseCell.swift; sourceTree = "<group>"; };
		EB90E9C92BF4D8B3009CD199 /* ImageTitleRowCell.swift */ = {isa = PBXFileReference; lastKnownFileType = sourcecode.swift; path = ImageTitleRowCell.swift; sourceTree = "<group>"; };
		EB96B9322BF6AB5C00AE4D17 /* SpotifyPlaylistView.swift */ = {isa = PBXFileReference; lastKnownFileType = sourcecode.swift; path = SpotifyPlaylistView.swift; sourceTree = "<group>"; };
		EB96B9342BF6ABD900AE4D17 /* PlaylistHeaderCell.swift */ = {isa = PBXFileReference; lastKnownFileType = sourcecode.swift; path = PlaylistHeaderCell.swift; sourceTree = "<group>"; };
		EBB9F6DC2BF3625B00B82C27 /* ImageLoaderView.swift */ = {isa = PBXFileReference; lastKnownFileType = sourcecode.swift; path = ImageLoaderView.swift; sourceTree = "<group>"; };
		EBB9F6DE2BF362F800B82C27 /* Constants.swift */ = {isa = PBXFileReference; lastKnownFileType = sourcecode.swift; path = Constants.swift; sourceTree = "<group>"; };
		EBB9F6E02BF36BD600B82C27 /* DatabaseHelper.swift */ = {isa = PBXFileReference; lastKnownFileType = sourcecode.swift; path = DatabaseHelper.swift; sourceTree = "<group>"; };
		EBB9F6E22BF378B200B82C27 /* Product.swift */ = {isa = PBXFileReference; lastKnownFileType = sourcecode.swift; path = Product.swift; sourceTree = "<group>"; };
		EBB9F6E42BF378C600B82C27 /* User.swift */ = {isa = PBXFileReference; lastKnownFileType = sourcecode.swift; path = User.swift; sourceTree = "<group>"; };
		EBB9F6EF2BF394E300B82C27 /* SpotifyHomeView.swift */ = {isa = PBXFileReference; lastKnownFileType = sourcecode.swift; path = SpotifyHomeView.swift; sourceTree = "<group>"; };
		EBC2F0682BFD445000A25B7F /* BumbleChatsView.swift */ = {isa = PBXFileReference; lastKnownFileType = sourcecode.swift; path = BumbleChatsView.swift; sourceTree = "<group>"; };
		EBDE18342BFBAA2E000548D5 /* InterestPillView.swift */ = {isa = PBXFileReference; lastKnownFileType = sourcecode.swift; path = InterestPillView.swift; sourceTree = "<group>"; };
		EBDE18362BFBACE1000548D5 /* InterestPillGridView.swift */ = {isa = PBXFileReference; lastKnownFileType = sourcecode.swift; path = InterestPillGridView.swift; sourceTree = "<group>"; };
		EBF8D8582BF23D380055D32D /* SwiftUIinPractice.app */ = {isa = PBXFileReference; explicitFileType = wrapper.application; includeInIndex = 0; path = SwiftUIinPractice.app; sourceTree = BUILT_PRODUCTS_DIR; };
		EBF8D85B2BF23D380055D32D /* SwiftUIinPracticeApp.swift */ = {isa = PBXFileReference; lastKnownFileType = sourcecode.swift; path = SwiftUIinPracticeApp.swift; sourceTree = "<group>"; };
		EBF8D85D2BF23D380055D32D /* ContentView.swift */ = {isa = PBXFileReference; lastKnownFileType = sourcecode.swift; path = ContentView.swift; sourceTree = "<group>"; };
		EBF8D85F2BF23D390055D32D /* Assets.xcassets */ = {isa = PBXFileReference; lastKnownFileType = folder.assetcatalog; path = Assets.xcassets; sourceTree = "<group>"; };
		EBF8D8622BF23D390055D32D /* Preview Assets.xcassets */ = {isa = PBXFileReference; lastKnownFileType = folder.assetcatalog; path = "Preview Assets.xcassets"; sourceTree = "<group>"; };
/* End PBXFileReference section */

/* Begin PBXFrameworksBuildPhase section */
		EBF8D8552BF23D380055D32D /* Frameworks */ = {
			isa = PBXFrameworksBuildPhase;
			buildActionMask = 2147483647;
			files = (
				EBB9F6E82BF380A100B82C27 /* SwiftfulUI in Frameworks */,
				EBB9F6EB2BF380AA00B82C27 /* SwiftfulRouting in Frameworks */,
				EBB9F6DA2BF3622000B82C27 /* SDWebImageSwiftUI in Frameworks */,
			);
			runOnlyForDeploymentPostprocessing = 0;
		};
/* End PBXFrameworksBuildPhase section */

/* Begin PBXGroup section */
		EB02E6B12BF3C9FB00175274 /* Models */ = {
			isa = PBXGroup;
			children = (
				EB02E6B22BF3CA0A00175274 /* Category.swift */,
			);
			path = Models;
			sourceTree = "<group>";
		};
		EB63C0E52BF9EE9E00D34B00 /* Bumble */ = {
			isa = PBXGroup;
			children = (
				EB63C0E82BF9EEC800D34B00 /* Models */,
				EB63C0E72BF9EEBE00D34B00 /* Components */,
				EB63C0E62BF9EEB800D34B00 /* Core */,
			);
			path = Bumble;
			sourceTree = "<group>";
		};
		EB63C0E62BF9EEB800D34B00 /* Core */ = {
			isa = PBXGroup;
			children = (
				EB63C0E92BF9EEE300D34B00 /* BumbleHomeView.swift */,
				EBC2F0682BFD445000A25B7F /* BumbleChatsView.swift */,
			);
			path = Core;
			sourceTree = "<group>";
		};
		EB63C0E72BF9EEBE00D34B00 /* Components */ = {
			isa = PBXGroup;
			children = (
				EB63C0EB2BF9F2DD00D34B00 /* BumbleFilterView.swift */,
				EB151B1D2BFB811500CFEFE3 /* BumbleCardView.swift */,
				EB151B1F2BFB8DD100CFEFE3 /* BumbleHeartView.swift */,
				EBDE18342BFBAA2E000548D5 /* InterestPillView.swift */,
				EBDE18362BFBACE1000548D5 /* InterestPillGridView.swift */,
				EB8ED5742BFCE4BF00D97690 /* BumbleProfileImageCell.swift */,
				EB8ED5762BFCEB2B00D97690 /* BumbleChatPreviewCell.swift */,
			);
			path = Components;
			sourceTree = "<group>";
		};
		EB63C0E82BF9EEC800D34B00 /* Models */ = {
			isa = PBXGroup;
			children = (
				EB63C0ED2BFA2BD600D34B00 /* Filter.swift */,
			);
			path = Models;
			sourceTree = "<group>";
		};
		EBB9F6DB2BF3624A00B82C27 /* Shared */ = {
			isa = PBXGroup;
			children = (
				EBB9F6DC2BF3625B00B82C27 /* ImageLoaderView.swift */,
				EBB9F6DE2BF362F800B82C27 /* Constants.swift */,
				EBB9F6E02BF36BD600B82C27 /* DatabaseHelper.swift */,
				EBB9F6E22BF378B200B82C27 /* Product.swift */,
				EBB9F6E42BF378C600B82C27 /* User.swift */,
				EB8B79D72BF76C3B00358D55 /* CustomizableAction.swift */,
			);
			path = Shared;
			sourceTree = "<group>";
		};
		EBB9F6EC2BF394A600B82C27 /* Spotify */ = {
			isa = PBXGroup;
			children = (
				EB02E6B12BF3C9FB00175274 /* Models */,
				EBB9F6EE2BF394C500B82C27 /* Components */,
				EBB9F6ED2BF394BD00B82C27 /* Core */,
			);
			path = Spotify;
			sourceTree = "<group>";
		};
		EBB9F6ED2BF394BD00B82C27 /* Core */ = {
			isa = PBXGroup;
			children = (
				EBB9F6EF2BF394E300B82C27 /* SpotifyHomeView.swift */,
				EB96B9322BF6AB5C00AE4D17 /* SpotifyPlaylistView.swift */,
			);
			path = Core;
			sourceTree = "<group>";
		};
		EBB9F6EE2BF394C500B82C27 /* Components */ = {
			isa = PBXGroup;
			children = (
				EB02E6AF2BF3C80600175274 /* SpotifyCategoryCell.swift */,
				EB577E342BF407900012366C /* SpotifyRecentsCell.swift */,
				EB90E9C72BF4C891009CD199 /* SpotifyNewReleaseCell.swift */,
				EB90E9C92BF4D8B3009CD199 /* ImageTitleRowCell.swift */,
				EB96B9342BF6ABD900AE4D17 /* PlaylistHeaderCell.swift */,
				EB8B79D42BF764A900358D55 /* PlaylistDescriptionCell.swift */,
				EB8B79D92BF7888F00358D55 /* SongRowCell.swift */,
			);
			path = Components;
			sourceTree = "<group>";
		};
		EBF8D84F2BF23D380055D32D = {
			isa = PBXGroup;
			children = (
				EBF8D85A2BF23D380055D32D /* SwiftUIinPractice */,
				EBF8D8592BF23D380055D32D /* Products */,
			);
			sourceTree = "<group>";
		};
		EBF8D8592BF23D380055D32D /* Products */ = {
			isa = PBXGroup;
			children = (
				EBF8D8582BF23D380055D32D /* SwiftUIinPractice.app */,
			);
			name = Products;
			sourceTree = "<group>";
		};
		EBF8D85A2BF23D380055D32D /* SwiftUIinPractice */ = {
			isa = PBXGroup;
			children = (
				EBF8D85B2BF23D380055D32D /* SwiftUIinPracticeApp.swift */,
				EBF8D85D2BF23D380055D32D /* ContentView.swift */,
				EBB9F6EC2BF394A600B82C27 /* Spotify */,
				EB63C0E52BF9EE9E00D34B00 /* Bumble */,
				EBB9F6DB2BF3624A00B82C27 /* Shared */,
				EBF8D85F2BF23D390055D32D /* Assets.xcassets */,
				EBF8D8612BF23D390055D32D /* Preview Content */,
			);
			path = SwiftUIinPractice;
			sourceTree = "<group>";
		};
		EBF8D8612BF23D390055D32D /* Preview Content */ = {
			isa = PBXGroup;
			children = (
				EBF8D8622BF23D390055D32D /* Preview Assets.xcassets */,
			);
			path = "Preview Content";
			sourceTree = "<group>";
		};
/* End PBXGroup section */

/* Begin PBXNativeTarget section */
		EBF8D8572BF23D380055D32D /* SwiftUIinPractice */ = {
			isa = PBXNativeTarget;
			buildConfigurationList = EBF8D8662BF23D390055D32D /* Build configuration list for PBXNativeTarget "SwiftUIinPractice" */;
			buildPhases = (
				EBF8D8542BF23D380055D32D /* Sources */,
				EBF8D8552BF23D380055D32D /* Frameworks */,
				EBF8D8562BF23D380055D32D /* Resources */,
			);
			buildRules = (
			);
			dependencies = (
			);
			name = SwiftUIinPractice;
			packageProductDependencies = (
				EBB9F6D92BF3622000B82C27 /* SDWebImageSwiftUI */,
				EBB9F6E72BF380A100B82C27 /* SwiftfulUI */,
				EBB9F6EA2BF380AA00B82C27 /* SwiftfulRouting */,
			);
			productName = SwiftUIinPractice;
			productReference = EBF8D8582BF23D380055D32D /* SwiftUIinPractice.app */;
			productType = "com.apple.product-type.application";
		};
/* End PBXNativeTarget section */

/* Begin PBXProject section */
		EBF8D8502BF23D380055D32D /* Project object */ = {
			isa = PBXProject;
			attributes = {
				BuildIndependentTargetsInParallel = 1;
				LastSwiftUpdateCheck = 1530;
				LastUpgradeCheck = 1530;
				TargetAttributes = {
					EBF8D8572BF23D380055D32D = {
						CreatedOnToolsVersion = 15.3;
					};
				};
			};
			buildConfigurationList = EBF8D8532BF23D380055D32D /* Build configuration list for PBXProject "SwiftUIinPractice" */;
			compatibilityVersion = "Xcode 14.0";
			developmentRegion = en;
			hasScannedForEncodings = 0;
			knownRegions = (
				en,
				Base,
			);
			mainGroup = EBF8D84F2BF23D380055D32D;
			packageReferences = (
				EBB9F6D82BF3622000B82C27 /* XCRemoteSwiftPackageReference "SDWebImageSwiftUI" */,
				EBB9F6E62BF380A100B82C27 /* XCRemoteSwiftPackageReference "SwiftfulUI" */,
				EBB9F6E92BF380AA00B82C27 /* XCRemoteSwiftPackageReference "SwiftfulRouting" */,
			);
			productRefGroup = EBF8D8592BF23D380055D32D /* Products */;
			projectDirPath = "";
			projectRoot = "";
			targets = (
				EBF8D8572BF23D380055D32D /* SwiftUIinPractice */,
			);
		};
/* End PBXProject section */

/* Begin PBXResourcesBuildPhase section */
		EBF8D8562BF23D380055D32D /* Resources */ = {
			isa = PBXResourcesBuildPhase;
			buildActionMask = 2147483647;
			files = (
				EBF8D8632BF23D390055D32D /* Preview Assets.xcassets in Resources */,
				EBF8D8602BF23D390055D32D /* Assets.xcassets in Resources */,
			);
			runOnlyForDeploymentPostprocessing = 0;
		};
/* End PBXResourcesBuildPhase section */

/* Begin PBXSourcesBuildPhase section */
		EBF8D8542BF23D380055D32D /* Sources */ = {
			isa = PBXSourcesBuildPhase;
			buildActionMask = 2147483647;
			files = (
				EB63C0EA2BF9EEE300D34B00 /* BumbleHomeView.swift in Sources */,
				EB8ED5772BFCEB2B00D97690 /* BumbleChatPreviewCell.swift in Sources */,
				EBB9F6DD2BF3625B00B82C27 /* ImageLoaderView.swift in Sources */,
				EB02E6B32BF3CA0A00175274 /* Category.swift in Sources */,
				EBDE18352BFBAA2E000548D5 /* InterestPillView.swift in Sources */,
				EB02E6B02BF3C80600175274 /* SpotifyCategoryCell.swift in Sources */,
				EB90E9C82BF4C891009CD199 /* SpotifyNewReleaseCell.swift in Sources */,
				EB8ED5752BFCE4BF00D97690 /* BumbleProfileImageCell.swift in Sources */,
				EB96B9352BF6ABDA00AE4D17 /* PlaylistHeaderCell.swift in Sources */,
				EBC2F0692BFD445000A25B7F /* BumbleChatsView.swift in Sources */,
				EB8B79DA2BF7888F00358D55 /* SongRowCell.swift in Sources */,
				EB151B1E2BFB811500CFEFE3 /* BumbleCardView.swift in Sources */,
				EB63C0EE2BFA2BD600D34B00 /* Filter.swift in Sources */,
				EBB9F6E12BF36BD600B82C27 /* DatabaseHelper.swift in Sources */,
				EBB9F6F02BF394E300B82C27 /* SpotifyHomeView.swift in Sources */,
				EB63C0EC2BF9F2DD00D34B00 /* BumbleFilterView.swift in Sources */,
				EB90E9CA2BF4D8B3009CD199 /* ImageTitleRowCell.swift in Sources */,
				EB8B79D82BF76C3B00358D55 /* CustomizableAction.swift in Sources */,
				EBDE18372BFBACE1000548D5 /* InterestPillGridView.swift in Sources */,
				EB96B9332BF6AB5C00AE4D17 /* SpotifyPlaylistView.swift in Sources */,
				EB151B202BFB8DD100CFEFE3 /* BumbleHeartView.swift in Sources */,
				EBF8D85E2BF23D380055D32D /* ContentView.swift in Sources */,
				EBF8D85C2BF23D380055D32D /* SwiftUIinPracticeApp.swift in Sources */,
				EBB9F6DF2BF362F800B82C27 /* Constants.swift in Sources */,
				EB577E352BF407900012366C /* SpotifyRecentsCell.swift in Sources */,
				EBB9F6E32BF378B200B82C27 /* Product.swift in Sources */,
				EB8B79D52BF764A900358D55 /* PlaylistDescriptionCell.swift in Sources */,
				EBB9F6E52BF378C600B82C27 /* User.swift in Sources */,
			);
			runOnlyForDeploymentPostprocessing = 0;
		};
/* End PBXSourcesBuildPhase section */

/* Begin XCBuildConfiguration section */
		EBF8D8642BF23D390055D32D /* Debug */ = {
			isa = XCBuildConfiguration;
			buildSettings = {
				ALWAYS_SEARCH_USER_PATHS = NO;
				ASSETCATALOG_COMPILER_GENERATE_SWIFT_ASSET_SYMBOL_EXTENSIONS = YES;
				CLANG_ANALYZER_NONNULL = YES;
				CLANG_ANALYZER_NUMBER_OBJECT_CONVERSION = YES_AGGRESSIVE;
				CLANG_CXX_LANGUAGE_STANDARD = "gnu++20";
				CLANG_ENABLE_MODULES = YES;
				CLANG_ENABLE_OBJC_ARC = YES;
				CLANG_ENABLE_OBJC_WEAK = YES;
				CLANG_WARN_BLOCK_CAPTURE_AUTORELEASING = YES;
				CLANG_WARN_BOOL_CONVERSION = YES;
				CLANG_WARN_COMMA = YES;
				CLANG_WARN_CONSTANT_CONVERSION = YES;
				CLANG_WARN_DEPRECATED_OBJC_IMPLEMENTATIONS = YES;
				CLANG_WARN_DIRECT_OBJC_ISA_USAGE = YES_ERROR;
				CLANG_WARN_DOCUMENTATION_COMMENTS = YES;
				CLANG_WARN_EMPTY_BODY = YES;
				CLANG_WARN_ENUM_CONVERSION = YES;
				CLANG_WARN_INFINITE_RECURSION = YES;
				CLANG_WARN_INT_CONVERSION = YES;
				CLANG_WARN_NON_LITERAL_NULL_CONVERSION = YES;
				CLANG_WARN_OBJC_IMPLICIT_RETAIN_SELF = YES;
				CLANG_WARN_OBJC_LITERAL_CONVERSION = YES;
				CLANG_WARN_OBJC_ROOT_CLASS = YES_ERROR;
				CLANG_WARN_QUOTED_INCLUDE_IN_FRAMEWORK_HEADER = YES;
				CLANG_WARN_RANGE_LOOP_ANALYSIS = YES;
				CLANG_WARN_STRICT_PROTOTYPES = YES;
				CLANG_WARN_SUSPICIOUS_MOVE = YES;
				CLANG_WARN_UNGUARDED_AVAILABILITY = YES_AGGRESSIVE;
				CLANG_WARN_UNREACHABLE_CODE = YES;
				CLANG_WARN__DUPLICATE_METHOD_MATCH = YES;
				COPY_PHASE_STRIP = NO;
				DEBUG_INFORMATION_FORMAT = dwarf;
				ENABLE_STRICT_OBJC_MSGSEND = YES;
				ENABLE_TESTABILITY = YES;
				ENABLE_USER_SCRIPT_SANDBOXING = YES;
				GCC_C_LANGUAGE_STANDARD = gnu17;
				GCC_DYNAMIC_NO_PIC = NO;
				GCC_NO_COMMON_BLOCKS = YES;
				GCC_OPTIMIZATION_LEVEL = 0;
				GCC_PREPROCESSOR_DEFINITIONS = (
					"DEBUG=1",
					"$(inherited)",
				);
				GCC_WARN_64_TO_32_BIT_CONVERSION = YES;
				GCC_WARN_ABOUT_RETURN_TYPE = YES_ERROR;
				GCC_WARN_UNDECLARED_SELECTOR = YES;
				GCC_WARN_UNINITIALIZED_AUTOS = YES_AGGRESSIVE;
				GCC_WARN_UNUSED_FUNCTION = YES;
				GCC_WARN_UNUSED_VARIABLE = YES;
				IPHONEOS_DEPLOYMENT_TARGET = 17.4;
				LOCALIZATION_PREFERS_STRING_CATALOGS = YES;
				MTL_ENABLE_DEBUG_INFO = INCLUDE_SOURCE;
				MTL_FAST_MATH = YES;
				ONLY_ACTIVE_ARCH = YES;
				SDKROOT = iphoneos;
				SWIFT_ACTIVE_COMPILATION_CONDITIONS = "DEBUG $(inherited)";
				SWIFT_OPTIMIZATION_LEVEL = "-Onone";
			};
			name = Debug;
		};
		EBF8D8652BF23D390055D32D /* Release */ = {
			isa = XCBuildConfiguration;
			buildSettings = {
				ALWAYS_SEARCH_USER_PATHS = NO;
				ASSETCATALOG_COMPILER_GENERATE_SWIFT_ASSET_SYMBOL_EXTENSIONS = YES;
				CLANG_ANALYZER_NONNULL = YES;
				CLANG_ANALYZER_NUMBER_OBJECT_CONVERSION = YES_AGGRESSIVE;
				CLANG_CXX_LANGUAGE_STANDARD = "gnu++20";
				CLANG_ENABLE_MODULES = YES;
				CLANG_ENABLE_OBJC_ARC = YES;
				CLANG_ENABLE_OBJC_WEAK = YES;
				CLANG_WARN_BLOCK_CAPTURE_AUTORELEASING = YES;
				CLANG_WARN_BOOL_CONVERSION = YES;
				CLANG_WARN_COMMA = YES;
				CLANG_WARN_CONSTANT_CONVERSION = YES;
				CLANG_WARN_DEPRECATED_OBJC_IMPLEMENTATIONS = YES;
				CLANG_WARN_DIRECT_OBJC_ISA_USAGE = YES_ERROR;
				CLANG_WARN_DOCUMENTATION_COMMENTS = YES;
				CLANG_WARN_EMPTY_BODY = YES;
				CLANG_WARN_ENUM_CONVERSION = YES;
				CLANG_WARN_INFINITE_RECURSION = YES;
				CLANG_WARN_INT_CONVERSION = YES;
				CLANG_WARN_NON_LITERAL_NULL_CONVERSION = YES;
				CLANG_WARN_OBJC_IMPLICIT_RETAIN_SELF = YES;
				CLANG_WARN_OBJC_LITERAL_CONVERSION = YES;
				CLANG_WARN_OBJC_ROOT_CLASS = YES_ERROR;
				CLANG_WARN_QUOTED_INCLUDE_IN_FRAMEWORK_HEADER = YES;
				CLANG_WARN_RANGE_LOOP_ANALYSIS = YES;
				CLANG_WARN_STRICT_PROTOTYPES = YES;
				CLANG_WARN_SUSPICIOUS_MOVE = YES;
				CLANG_WARN_UNGUARDED_AVAILABILITY = YES_AGGRESSIVE;
				CLANG_WARN_UNREACHABLE_CODE = YES;
				CLANG_WARN__DUPLICATE_METHOD_MATCH = YES;
				COPY_PHASE_STRIP = NO;
				DEBUG_INFORMATION_FORMAT = "dwarf-with-dsym";
				ENABLE_NS_ASSERTIONS = NO;
				ENABLE_STRICT_OBJC_MSGSEND = YES;
				ENABLE_USER_SCRIPT_SANDBOXING = YES;
				GCC_C_LANGUAGE_STANDARD = gnu17;
				GCC_NO_COMMON_BLOCKS = YES;
				GCC_WARN_64_TO_32_BIT_CONVERSION = YES;
				GCC_WARN_ABOUT_RETURN_TYPE = YES_ERROR;
				GCC_WARN_UNDECLARED_SELECTOR = YES;
				GCC_WARN_UNINITIALIZED_AUTOS = YES_AGGRESSIVE;
				GCC_WARN_UNUSED_FUNCTION = YES;
				GCC_WARN_UNUSED_VARIABLE = YES;
				IPHONEOS_DEPLOYMENT_TARGET = 17.4;
				LOCALIZATION_PREFERS_STRING_CATALOGS = YES;
				MTL_ENABLE_DEBUG_INFO = NO;
				MTL_FAST_MATH = YES;
				SDKROOT = iphoneos;
				SWIFT_COMPILATION_MODE = wholemodule;
				VALIDATE_PRODUCT = YES;
			};
			name = Release;
		};
		EBF8D8672BF23D390055D32D /* Debug */ = {
			isa = XCBuildConfiguration;
			buildSettings = {
				ASSETCATALOG_COMPILER_APPICON_NAME = AppIcon;
				ASSETCATALOG_COMPILER_GLOBAL_ACCENT_COLOR_NAME = AccentColor;
				CODE_SIGN_STYLE = Automatic;
				CURRENT_PROJECT_VERSION = 1;
				DEVELOPMENT_ASSET_PATHS = "\"SwiftUIinPractice/Preview Content\"";
				DEVELOPMENT_TEAM = 8VZXPVXH33;
				ENABLE_PREVIEWS = YES;
				GENERATE_INFOPLIST_FILE = YES;
				INFOPLIST_KEY_UIApplicationSceneManifest_Generation = YES;
				INFOPLIST_KEY_UIApplicationSupportsIndirectInputEvents = YES;
				INFOPLIST_KEY_UILaunchScreen_Generation = YES;
				INFOPLIST_KEY_UISupportedInterfaceOrientations_iPad = "UIInterfaceOrientationPortrait UIInterfaceOrientationPortraitUpsideDown UIInterfaceOrientationLandscapeLeft UIInterfaceOrientationLandscapeRight";
				INFOPLIST_KEY_UISupportedInterfaceOrientations_iPhone = "UIInterfaceOrientationPortrait UIInterfaceOrientationLandscapeLeft UIInterfaceOrientationLandscapeRight";
				LD_RUNPATH_SEARCH_PATHS = (
					"$(inherited)",
					"@executable_path/Frameworks",
				);
				MARKETING_VERSION = 1.0;
				PRODUCT_BUNDLE_IDENTIFIER = com.matflow.SwiftUIinPractice;
				PRODUCT_NAME = "$(TARGET_NAME)";
				SWIFT_EMIT_LOC_STRINGS = YES;
				SWIFT_VERSION = 5.0;
				TARGETED_DEVICE_FAMILY = "1,2";
			};
			name = Debug;
		};
		EBF8D8682BF23D390055D32D /* Release */ = {
			isa = XCBuildConfiguration;
			buildSettings = {
				ASSETCATALOG_COMPILER_APPICON_NAME = AppIcon;
				ASSETCATALOG_COMPILER_GLOBAL_ACCENT_COLOR_NAME = AccentColor;
				CODE_SIGN_STYLE = Automatic;
				CURRENT_PROJECT_VERSION = 1;
				DEVELOPMENT_ASSET_PATHS = "\"SwiftUIinPractice/Preview Content\"";
				DEVELOPMENT_TEAM = 8VZXPVXH33;
				ENABLE_PREVIEWS = YES;
				GENERATE_INFOPLIST_FILE = YES;
				INFOPLIST_KEY_UIApplicationSceneManifest_Generation = YES;
				INFOPLIST_KEY_UIApplicationSupportsIndirectInputEvents = YES;
				INFOPLIST_KEY_UILaunchScreen_Generation = YES;
				INFOPLIST_KEY_UISupportedInterfaceOrientations_iPad = "UIInterfaceOrientationPortrait UIInterfaceOrientationPortraitUpsideDown UIInterfaceOrientationLandscapeLeft UIInterfaceOrientationLandscapeRight";
				INFOPLIST_KEY_UISupportedInterfaceOrientations_iPhone = "UIInterfaceOrientationPortrait UIInterfaceOrientationLandscapeLeft UIInterfaceOrientationLandscapeRight";
				LD_RUNPATH_SEARCH_PATHS = (
					"$(inherited)",
					"@executable_path/Frameworks",
				);
				MARKETING_VERSION = 1.0;
				PRODUCT_BUNDLE_IDENTIFIER = com.matflow.SwiftUIinPractice;
				PRODUCT_NAME = "$(TARGET_NAME)";
				SWIFT_EMIT_LOC_STRINGS = YES;
				SWIFT_VERSION = 5.0;
				TARGETED_DEVICE_FAMILY = "1,2";
			};
			name = Release;
		};
/* End XCBuildConfiguration section */

/* Begin XCConfigurationList section */
		EBF8D8532BF23D380055D32D /* Build configuration list for PBXProject "SwiftUIinPractice" */ = {
			isa = XCConfigurationList;
			buildConfigurations = (
				EBF8D8642BF23D390055D32D /* Debug */,
				EBF8D8652BF23D390055D32D /* Release */,
			);
			defaultConfigurationIsVisible = 0;
			defaultConfigurationName = Release;
		};
		EBF8D8662BF23D390055D32D /* Build configuration list for PBXNativeTarget "SwiftUIinPractice" */ = {
			isa = XCConfigurationList;
			buildConfigurations = (
				EBF8D8672BF23D390055D32D /* Debug */,
				EBF8D8682BF23D390055D32D /* Release */,
			);
			defaultConfigurationIsVisible = 0;
			defaultConfigurationName = Release;
		};
/* End XCConfigurationList section */

/* Begin XCRemoteSwiftPackageReference section */
		EBB9F6D82BF3622000B82C27 /* XCRemoteSwiftPackageReference "SDWebImageSwiftUI" */ = {
			isa = XCRemoteSwiftPackageReference;
			repositoryURL = "https://github.com/SDWebImage/SDWebImageSwiftUI.git";
			requirement = {
				kind = upToNextMajorVersion;
				minimumVersion = 3.0.4;
			};
		};
		EBB9F6E62BF380A100B82C27 /* XCRemoteSwiftPackageReference "SwiftfulUI" */ = {
			isa = XCRemoteSwiftPackageReference;
			repositoryURL = "https://github.com/SwiftfulThinking/SwiftfulUI.git";
			requirement = {
				kind = upToNextMajorVersion;
				minimumVersion = 1.2.0;
			};
		};
		EBB9F6E92BF380AA00B82C27 /* XCRemoteSwiftPackageReference "SwiftfulRouting" */ = {
			isa = XCRemoteSwiftPackageReference;
			repositoryURL = "https://github.com/SwiftfulThinking/SwiftfulRouting.git";
			requirement = {
				kind = upToNextMajorVersion;
				minimumVersion = 5.3.4;
			};
		};
/* End XCRemoteSwiftPackageReference section */

/* Begin XCSwiftPackageProductDependency section */
		EBB9F6D92BF3622000B82C27 /* SDWebImageSwiftUI */ = {
			isa = XCSwiftPackageProductDependency;
			package = EBB9F6D82BF3622000B82C27 /* XCRemoteSwiftPackageReference "SDWebImageSwiftUI" */;
			productName = SDWebImageSwiftUI;
		};
		EBB9F6E72BF380A100B82C27 /* SwiftfulUI */ = {
			isa = XCSwiftPackageProductDependency;
			package = EBB9F6E62BF380A100B82C27 /* XCRemoteSwiftPackageReference "SwiftfulUI" */;
			productName = SwiftfulUI;
		};
		EBB9F6EA2BF380AA00B82C27 /* SwiftfulRouting */ = {
			isa = XCSwiftPackageProductDependency;
			package = EBB9F6E92BF380AA00B82C27 /* XCRemoteSwiftPackageReference "SwiftfulRouting" */;
			productName = SwiftfulRouting;
		};
/* End XCSwiftPackageProductDependency section */
	};
	rootObject = EBF8D8502BF23D380055D32D /* Project object */;
}
